
Microsoft Visual Studio Solution File, Format Version 12.00
# Visual Studio Version 17
VisualStudioVersion = 17.9.34728.123
MinimumVisualStudioVersion = 10.0.40219.1
Project("{FAE04EC0-301F-11D3-BF4B-00C04F79EFBC}") = "IscaPop", "IscaPop\IscaPop.csproj", "{1AB623DE-D3E3-44C8-8B8F-31E1C8B9345C}"
EndProject
Global
	GlobalSection(SolutionConfigurationPlatforms) = preSolution
		Debug|Any CPU = Debug|Any CPU
		Release|Any CPU = Release|Any CPU
	EndGlobalSection
	GlobalSection(ProjectConfigurationPlatforms) = postSolution
		{1AB623DE-D3E3-44C8-8B8F-31E1C8B9345C}.Debug|Any CPU.ActiveCfg = Debug|Any CPU
		{1AB623DE-D3E3-44C8-8B8F-31E1C8B9345C}.Debug|Any CPU.Build.0 = Debug|Any CPU
		{1AB623DE-D3E3-44C8-8B8F-31E1C8B9345C}.Debug|Any CPU.Deploy.0 = Debug|Any CPU
		{1AB623DE-D3E3-44C8-8B8F-31E1C8B9345C}.Release|Any CPU.ActiveCfg = Release|Any CPU
		{1AB623DE-D3E3-44C8-8B8F-31E1C8B9345C}.Release|Any CPU.Build.0 = Release|Any CPU
		{1AB623DE-D3E3-44C8-8B8F-31E1C8B9345C}.Release|Any CPU.Deploy.0 = Release|Any CPU
	EndGlobalSection
	GlobalSection(SolutionProperties) = preSolution
		HideSolutionNode = FALSE
	EndGlobalSection
	GlobalSection(ExtensibilityGlobals) = postSolution
		SolutionGuid = {2BF62747-12FF-4EDB-991B-6CC138B5BDCE}
	EndGlobalSection
EndGlobal
